Microsoft Visual Studio Solution File, Format Version 12.00
# Visual Studio Version 17
VisualStudioVersion = 17.5.2.0
MinimumVisualStudioVersion = 10.0.40219.1
Project("{FAE04EC0-301F-11D3-BF4B-00C04F79EFBC}") = "GrpcService", "csharp\GrpcService.csproj", "{54F09CC9-35EC-5F28-9FBF-87E9A469ACBF}"
EndProject
Global
	GlobalSection(SolutionConfigurationPlatforms) = preSolution
		Debug|Any CPU = Debug|Any CPU
		Release|Any CPU = Release|Any CPU
	EndGlobalSection
	GlobalSection(ProjectConfigurationPlatforms) = postSolution
		{54F09CC9-35EC-5F28-9FBF-87E9A469ACBF}.Debug|Any CPU.ActiveCfg = Debug|Any CPU
		{54F09CC9-35EC-5F28-9FBF-87E9A469ACBF}.Debug|Any CPU.Build.0 = Debug|Any CPU
		{54F09CC9-35EC-5F28-9FBF-87E9A469ACBF}.Release|Any CPU.ActiveCfg = Release|Any CPU
		{54F09CC9-35EC-5F28-9FBF-87E9A469ACBF}.Release|Any CPU.Build.0 = Release|Any CPU
	EndGlobalSection
	GlobalSection(SolutionProperties) = preSolution
		HideSolutionNode = FALSE
	EndGlobalSection
	GlobalSection(ExtensibilityGlobals) = postSolution
		SolutionGuid = {E6021230-1E22-4048-8053-A60314F3B30C}
	EndGlobalSection
EndGlobal
